{
  "requires": true,
  "lockfileVersion": 1,
  "dependencies": {
    "@tanstack/query-core": {
      "version": "4.15.1",
      "resolved": "https://registry.npmjs.org/@tanstack/query-core/-/query-core-4.15.1.tgz",
      "integrity": "sha512-+UfqJsNbPIVo0a9ANW0ZxtjiMfGLaaoIaL9vZeVycvmBuWywJGtSi7fgPVMCPdZQFOzMsaXaOsDtSKQD5xLRVQ=="
    },
    "@tanstack/react-query": {
      "version": "4.17.1",
      "requires": {
        "@tanstack/query-core": "4.15.1",
        "use-sync-external-store": "^1.2.0"
      }
    },
    "react-icons": {
      "version": "4.7.1",
      "resolved": "https://registry.npmjs.org/react-icons/-/react-icons-4.7.1.tgz",
      "integrity": "sha512-yHd3oKGMgm7zxo3EA7H2n7vxSoiGmHk5t6Ou4bXsfcgWyhfDKMpyKfhHR6Bjnn63c+YXBLBPUql9H4wPJM6sXw=="
    },
    "use-sync-external-store": {
      "version": "1.2.0",
      "resolved": "https://registry.npmjs.org/use-sync-external-store/-/use-sync-external-store-1.2.0.tgz",
      "integrity": "sha512-eEgnFxGQ1Ife9bzYs6VLi8/4X6CObHMw9Qr9tPY43iKwsPw8xE8+EFsf/2cFZ5S3esXgpWgtSCtLNS41F+sKPA=="
    }
  }
}
